
Microsoft Visual Studio Solution File, Format Version 12.00
# Visual Studio Version 16
VisualStudioVersion = 16.0.29905.134
MinimumVisualStudioVersion = 10.0.40219.1
Project("{9A19103F-16F7-4668-BE54-9A1E7A4F7556}") = "Lib", "Lib\Lib.csproj", "{0B3E6D37-D740-46F6-88CE-449590460046}"
EndProject
Project("{9A19103F-16F7-4668-BE54-9A1E7A4F7556}") = "Cache", "Cache\Cache.csproj", "{AC227945-022D-46C3-AE34-D3EDCA7AF931}"
EndProject
Project("{9A19103F-16F7-4668-BE54-9A1E7A4F7556}") = "DataBase", "DataBase\DataBase.csproj", "{A2694C32-872E-464E-B1B6-EED535E554C5}"
EndProject
Project("{9A19103F-16F7-4668-BE54-9A1E7A4F7556}") = "RestClient", "RestClient\RestClient.csproj", "{C396C985-1156-4242-9AD7-CB0C2BB97A73}"
EndProject
Project("{2150E333-8FDC-42A3-9474-1A3956D46DE8}") = "Tests", "Tests", "{9F6FD032-307E-4FF2-A139-0D82FBFC9C78}"
EndProject
Project("{9A19103F-16F7-4668-BE54-9A1E7A4F7556}") = "Lib.Test", "Tests\Lib.Test\Lib.Test.csproj", "{C086D332-EB20-462A-9A7F-478FA46A0013}"
EndProject
Project("{2150E333-8FDC-42A3-9474-1A3956D46DE8}") = "Pack", "Pack", "{FBADA741-E410-4BF2-B92B-3597B1A2CB53}"
	ProjectSection(SolutionItems) = preProject
		Pack\Amo.Lib.nuget.md = Pack\Amo.Lib.nuget.md
		Pack\Amo.Lib.nuspec = Pack\Amo.Lib.nuspec
		Pack\Amo.Lib.Pack.Nuget.bat = Pack\Amo.Lib.Pack.Nuget.bat
		Pack\Amo.Lib.Version.log = Pack\Amo.Lib.Version.log
	EndProjectSection
EndProject
Global
	GlobalSection(SolutionConfigurationPlatforms) = preSolution
		Debug|Any CPU = Debug|Any CPU
		Release|Any CPU = Release|Any CPU
	EndGlobalSection
	GlobalSection(ProjectConfigurationPlatforms) = postSolution
		{0B3E6D37-D740-46F6-88CE-449590460046}.Debug|Any CPU.ActiveCfg = Debug|Any CPU
		{0B3E6D37-D740-46F6-88CE-449590460046}.Debug|Any CPU.Build.0 = Debug|Any CPU
		{0B3E6D37-D740-46F6-88CE-449590460046}.Release|Any CPU.ActiveCfg = Release|Any CPU
		{0B3E6D37-D740-46F6-88CE-449590460046}.Release|Any CPU.Build.0 = Release|Any CPU
		{AC227945-022D-46C3-AE34-D3EDCA7AF931}.Debug|Any CPU.ActiveCfg = Debug|Any CPU
		{AC227945-022D-46C3-AE34-D3EDCA7AF931}.Debug|Any CPU.Build.0 = Debug|Any CPU
		{AC227945-022D-46C3-AE34-D3EDCA7AF931}.Release|Any CPU.ActiveCfg = Release|Any CPU
		{AC227945-022D-46C3-AE34-D3EDCA7AF931}.Release|Any CPU.Build.0 = Release|Any CPU
		{A2694C32-872E-464E-B1B6-EED535E554C5}.Debug|Any CPU.ActiveCfg = Debug|Any CPU
		{A2694C32-872E-464E-B1B6-EED535E554C5}.Debug|Any CPU.Build.0 = Debug|Any CPU
		{A2694C32-872E-464E-B1B6-EED535E554C5}.Release|Any CPU.ActiveCfg = Release|Any CPU
		{A2694C32-872E-464E-B1B6-EED535E554C5}.Release|Any CPU.Build.0 = Release|Any CPU
		{C396C985-1156-4242-9AD7-CB0C2BB97A73}.Debug|Any CPU.ActiveCfg = Debug|Any CPU
		{C396C985-1156-4242-9AD7-CB0C2BB97A73}.Debug|Any CPU.Build.0 = Debug|Any CPU
		{C396C985-1156-4242-9AD7-CB0C2BB97A73}.Release|Any CPU.ActiveCfg = Release|Any CPU
		{C396C985-1156-4242-9AD7-CB0C2BB97A73}.Release|Any CPU.Build.0 = Release|Any CPU
		{C086D332-EB20-462A-9A7F-478FA46A0013}.Debug|Any CPU.ActiveCfg = Debug|Any CPU
		{C086D332-EB20-462A-9A7F-478FA46A0013}.Debug|Any CPU.Build.0 = Debug|Any CPU
		{C086D332-EB20-462A-9A7F-478FA46A0013}.Release|Any CPU.ActiveCfg = Release|Any CPU
		{C086D332-EB20-462A-9A7F-478FA46A0013}.Release|Any CPU.Build.0 = Release|Any CPU
	EndGlobalSection
	GlobalSection(SolutionProperties) = preSolution
		HideSolutionNode = FALSE
	EndGlobalSection
	GlobalSection(NestedProjects) = preSolution
		{C086D332-EB20-462A-9A7F-478FA46A0013} = {9F6FD032-307E-4FF2-A139-0D82FBFC9C78}
	EndGlobalSection
	GlobalSection(ExtensibilityGlobals) = postSolution
		SolutionGuid = {469888D7-CBD2-42A6-90A4-DE0C3EF539E1}
	EndGlobalSection
EndGlobal
